{
  "version": 4,
  "terraform_version": "0.12.24",
  "serial": 107,
  "lineage": "8e2b962b-5bb2-45dc-c33a-19c564ada2b6",
  "outputs": {},
  "resources": [
    {
      "mode": "managed",
      "type": "google_compute_address",
      "name": "static-ip",
      "provider": "provider.google",
      "instances": [
        {
          "schema_version": 0,
          "attributes": {
            "address": "104.197.137.105",
            "address_type": "EXTERNAL",
            "creation_timestamp": "2020-03-22T07:55:50.739-07:00",
            "description": "",
            "id": "projects/mytraining-gcptech/regions/us-central1/addresses/static-ip",
            "name": "static-ip",
            "network_tier": "PREMIUM",
            "project": "mytraining-gcptech",
            "purpose": "",
            "region": "us-central1",
            "self_link": "https://www.googleapis.com/compute/v1/projects/mytraining-gcptech/regions/us-central1/addresses/static-ip",
            "subnetwork": "",
            "timeouts": null,
            "users": [
              "https://www.googleapis.com/compute/v1/projects/mytraining-gcptech/zones/us-central1-a/instances/terraform-instance"
            ]
          },
          "private": "eyJlMmJmYjczMC1lY2FhLTExZTYtOGY4OC0zNDM2M2JjN2M0YzAiOnsiY3JlYXRlIjoyNDAwMDAwMDAwMDAsImRlbGV0ZSI6MjQwMDAwMDAwMDAwfX0="
        }
      ]
    },
    {
      "mode": "managed",
      "type": "google_compute_firewall",
      "name": "gce-infra",
      "provider": "provider.google",
      "instances": [
        {
          "schema_version": 1,
          "attributes": {
            "allow": [
              {
                "ports": [
                  "80",
                  "8080",
                  "1000-2000"
                ],
                "protocol": "tcp"
              },
              {
                "ports": [],
                "protocol": "icmp"
              }
            ],
            "creation_timestamp": "2020-03-22T07:58:41.280-07:00",
            "deny": [],
            "description": "",
            "destination_ranges": [],
            "direction": "INGRESS",
            "disabled": false,
            "enable_logging": false,
            "id": "projects/mytraining-gcptech/global/firewalls/test-firewall",
            "name": "test-firewall",
            "network": "https://www.googleapis.com/compute/v1/projects/mytraining-gcptech/global/networks/terraform-network",
            "priority": 1000,
            "project": "mytraining-gcptech",
            "self_link": "https://www.googleapis.com/compute/v1/projects/mytraining-gcptech/global/firewalls/test-firewall",
            "source_ranges": [],
            "source_service_accounts": [],
            "source_tags": [
              "web"
            ],
            "target_service_accounts": [],
            "target_tags": [],
            "timeouts": null
          },
          "private": "eyJlMmJmYjczMC1lY2FhLTExZTYtOGY4OC0zNDM2M2JjN2M0YzAiOnsiY3JlYXRlIjoyNDAwMDAwMDAwMDAsImRlbGV0ZSI6MjQwMDAwMDAwMDAwLCJ1cGRhdGUiOjI0MDAwMDAwMDAwMH0sInNjaGVtYV92ZXJzaW9uIjoiMSJ9",
          "dependencies": [
            "google_compute_network.gce-infra"
          ]
        }
      ]
    },
    {
      "mode": "managed",
      "type": "google_compute_instance",
      "name": "gce-infra",
      "provider": "provider.google",
      "instances": [
        {
          "schema_version": 6,
          "attributes": {
            "allow_stopping_for_update": null,
            "attached_disk": [],
            "boot_disk": [
              {
                "auto_delete": true,
                "device_name": "persistent-disk-0",
                "disk_encryption_key_raw": "",
                "disk_encryption_key_sha256": "",
                "initialize_params": [
                  {
                    "image": "https://www.googleapis.com/compute/v1/projects/debian-cloud/global/images/debian-9-stretch-v20200309",
                    "labels": {},
                    "size": 10,
                    "type": "pd-standard"
                  }
                ],
                "kms_key_self_link": "",
                "mode": "READ_WRITE",
                "source": "https://www.googleapis.com/compute/v1/projects/mytraining-gcptech/zones/us-central1-a/disks/terraform-instance"
              }
            ],
            "can_ip_forward": false,
            "cpu_platform": "Intel Haswell",
            "deletion_protection": false,
            "description": "",
            "desired_status": null,
            "enable_display": false,
            "guest_accelerator": [],
            "hostname": "",
            "id": "projects/mytraining-gcptech/zones/us-central1-a/instances/terraform-instance",
            "instance_id": "246665845191393939",
            "label_fingerprint": "42WmSpB8rSM=",
            "labels": {},
            "machine_type": "f1-micro",
            "metadata": {},
            "metadata_fingerprint": "tukyf9b81RE=",
            "metadata_startup_script": "",
            "min_cpu_platform": "",
            "name": "terraform-instance",
            "network_interface": [
              {
                "access_config": [
                  {
                    "nat_ip": "104.197.137.105",
                    "network_tier": "PREMIUM",
                    "public_ptr_domain_name": ""
                  }
                ],
                "alias_ip_range": [],
                "name": "nic0",
                "network": "https://www.googleapis.com/compute/v1/projects/mytraining-gcptech/global/networks/default",
                "network_ip": "10.128.0.57",
                "subnetwork": "https://www.googleapis.com/compute/v1/projects/mytraining-gcptech/regions/us-central1/subnetworks/default",
                "subnetwork_project": "mytraining-gcptech"
              }
            ],
            "project": "mytraining-gcptech",
            "scheduling": [
              {
                "automatic_restart": true,
                "node_affinities": [],
                "on_host_maintenance": "MIGRATE",
                "preemptible": false
              }
            ],
            "scratch_disk": [],
            "self_link": "https://www.googleapis.com/compute/v1/projects/mytraining-gcptech/zones/us-central1-a/instances/terraform-instance",
            "service_account": [],
            "shielded_instance_config": [],
            "tags": [],
            "tags_fingerprint": "42WmSpB8rSM=",
            "timeouts": null,
            "zone": "us-central1-a"
          },
          "private": "eyJlMmJmYjczMC1lY2FhLTExZTYtOGY4OC0zNDM2M2JjN2M0YzAiOnsiY3JlYXRlIjoxMjAwMDAwMDAwMDAwLCJkZWxldGUiOjEyMDAwMDAwMDAwMDAsInVwZGF0ZSI6MTIwMDAwMDAwMDAwMH0sInNjaGVtYV92ZXJzaW9uIjoiNiJ9",
          "dependencies": [
            "google_compute_address.static-ip"
          ]
        }
      ]
    },
    {
      "mode": "managed",
      "type": "google_compute_network",
      "name": "gce-infra",
      "provider": "provider.google",
      "instances": [
        {
          "schema_version": 0,
          "attributes": {
            "auto_create_subnetworks": false,
            "delete_default_routes_on_create": false,
            "description": "",
            "gateway_ipv4": "",
            "id": "projects/mytraining-gcptech/global/networks/terraform-network",
            "ipv4_range": null,
            "name": "terraform-network",
            "project": "mytraining-gcptech",
            "routing_mode": "REGIONAL",
            "self_link": "https://www.googleapis.com/compute/v1/projects/mytraining-gcptech/global/networks/terraform-network",
            "timeouts": null
          },
          "private": "eyJlMmJmYjczMC1lY2FhLTExZTYtOGY4OC0zNDM2M2JjN2M0YzAiOnsiY3JlYXRlIjoyNDAwMDAwMDAwMDAsImRlbGV0ZSI6MjQwMDAwMDAwMDAwLCJ1cGRhdGUiOjI0MDAwMDAwMDAwMH19"
        }
      ]
    },
    {
      "mode": "managed",
      "type": "google_compute_subnetwork",
      "name": "gce-infra",
      "provider": "provider.google",
      "instances": [
        {
          "schema_version": 0,
          "attributes": {
            "creation_timestamp": "2020-03-22T07:56:08.390-07:00",
            "description": "",
            "enable_flow_logs": null,
            "fingerprint": null,
            "gateway_address": "10.0.0.1",
            "id": "projects/mytraining-gcptech/regions/us-central1/subnetworks/my-subnet",
            "ip_cidr_range": "10.0.0.0/16",
            "log_config": [],
            "name": "my-subnet",
            "network": "https://www.googleapis.com/compute/v1/projects/mytraining-gcptech/global/networks/terraform-network",
            "private_ip_google_access": false,
            "project": "mytraining-gcptech",
            "region": "us-central1",
            "secondary_ip_range": [],
            "self_link": "https://www.googleapis.com/compute/v1/projects/mytraining-gcptech/regions/us-central1/subnetworks/my-subnet",
            "timeouts": null
          },
          "private": "eyJlMmJmYjczMC1lY2FhLTExZTYtOGY4OC0zNDM2M2JjN2M0YzAiOnsiY3JlYXRlIjozNjAwMDAwMDAwMDAsImRlbGV0ZSI6MzYwMDAwMDAwMDAwLCJ1cGRhdGUiOjM2MDAwMDAwMDAwMH19",
          "dependencies": [
            "google_compute_network.gce-infra"
          ]
        }
      ]
    }
  ]
}
